
Microsoft Visual Studio Solution File, Format Version 12.00
Project("{FAE04EC0-301F-11D3-BF4B-00C04F79EFBC}") = "BiliDuang", "BiliDuang\BiliDuang.csproj", "{A0EC5EAE-5011-4029-B90F-E13EB1F0DA1D}"
EndProject
Global
	GlobalSection(SolutionConfigurationPlatforms) = preSolution
		Debug|Any CPU = Debug|Any CPU
		Release|Any CPU = Release|Any CPU
	EndGlobalSection
	GlobalSection(ProjectConfigurationPlatforms) = postSolution
		{A0EC5EAE-5011-4029-B90F-E13EB1F0DA1D}.Debug|Any CPU.ActiveCfg = Debug|Any CPU
		{A0EC5EAE-5011-4029-B90F-E13EB1F0DA1D}.Debug|Any CPU.Build.0 = Debug|Any CPU
		{A0EC5EAE-5011-4029-B90F-E13EB1F0DA1D}.Release|Any CPU.ActiveCfg = Release|Any CPU
		{A0EC5EAE-5011-4029-B90F-E13EB1F0DA1D}.Release|Any CPU.Build.0 = Release|Any CPU
	EndGlobalSection
EndGlobal
